
Microsoft Visual Studio Solution File, Format Version 12.00
# Visual Studio Version 17
VisualStudioVersion = 17.9.34728.123
MinimumVisualStudioVersion = 10.0.40219.1
Project("{FAE04EC0-301F-11D3-BF4B-00C04F79EFBC}") = "Producer", "Producer\Producer.csproj", "{CA277710-C74B-4881-AD61-367D7BB16172}"
EndProject
Project("{FAE04EC0-301F-11D3-BF4B-00C04F79EFBC}") = "Consumer", "Consumer\Consumer.csproj", "{F410F6E5-D85C-40B3-9EE3-E57D957B9F0C}"
EndProject
Global
	GlobalSection(SolutionConfigurationPlatforms) = preSolution
		Debug|Any CPU = Debug|Any CPU
		Release|Any CPU = Release|Any CPU
	EndGlobalSection
	GlobalSection(ProjectConfigurationPlatforms) = postSolution
		{CA277710-C74B-4881-AD61-367D7BB16172}.Debug|Any CPU.ActiveCfg = Debug|Any CPU
		{CA277710-C74B-4881-AD61-367D7BB16172}.Debug|Any CPU.Build.0 = Debug|Any CPU
		{CA277710-C74B-4881-AD61-367D7BB16172}.Release|Any CPU.ActiveCfg = Release|Any CPU
		{CA277710-C74B-4881-AD61-367D7BB16172}.Release|Any CPU.Build.0 = Release|Any CPU
		{F410F6E5-D85C-40B3-9EE3-E57D957B9F0C}.Debug|Any CPU.ActiveCfg = Debug|Any CPU
		{F410F6E5-D85C-40B3-9EE3-E57D957B9F0C}.Debug|Any CPU.Build.0 = Debug|Any CPU
		{F410F6E5-D85C-40B3-9EE3-E57D957B9F0C}.Release|Any CPU.ActiveCfg = Release|Any CPU
		{F410F6E5-D85C-40B3-9EE3-E57D957B9F0C}.Release|Any CPU.Build.0 = Release|Any CPU
	EndGlobalSection
	GlobalSection(SolutionProperties) = preSolution
		HideSolutionNode = FALSE
	EndGlobalSection
	GlobalSection(ExtensibilityGlobals) = postSolution
		SolutionGuid = {A26204CE-C5DB-4445-B0B4-8ED49C1864FA}
	EndGlobalSection
EndGlobal
